lockfileVersion: 5.4

specifiers:
  dayjs: ^1.11.7
  miniprogram-api-typings: ^2.8.3-1

devDependencies:
  dayjs: 1.11.7
  miniprogram-api-typings: 2.12.0

packages:

  /dayjs/1.11.7:
    resolution: {integrity: sha512-+Yw9U6YO5TQohxLcIkrXBeY73WP3ejHWVvx8XCk3gxvQDCTEmS48ZrSZCKciI7Bhl/uCMyxYtE9UqRILmFphkQ==}
    dev: true

  /miniprogram-api-typings/2.12.0:
    resolution: {integrity: sha512-ibvbqeslVFur0IAvTxLMvsbtvVcMo6gwvOnj0YZHV7aeDLu091VQRrETT2QuiG9P6aZWRcxeNGJChRKVPCp9VQ==}
    dev: true
